{
  "name": "criptomoeda",
  "version": "1.0.0",
  "lockfileVersion": 3,
  "requires": true,
  "packages": {
    "": {
      "name": "criptomoeda",
      "version": "1.0.0",
      "license": "ISC",
      "dependencies": {
        "crypto-js": "^4.2.0",
        "crypto.js": "^3.2.1"
      }
    },
    "node_modules/crypto-js": {
      "version": "4.2.0",
      "resolved": "https://registry.npmjs.org/crypto-js/-/crypto-js-4.2.0.tgz",
      "integrity": "sha512-KALDyEYgpY+Rlob/iriUtjV6d5Eq+Y191A5g4UqLAi8CyGP9N1+FdVbkc1SxKc2r4YAYqG8JzO2KGL+AizD70Q=="
    },
    "node_modules/crypto.js": {
      "version": "3.2.1",
      "resolved": "https://registry.npmjs.org/crypto.js/-/crypto.js-3.2.1.tgz",
      "integrity": "sha512-sp04OVtnR7h/Z20k+dd+DbIj7zXQobcKRHHq6dG8T87Be8mHo0MIl50EdAZw9nxGKS5ykHraqIpLVNqpAE/IiQ=="
    }
  }
}
